
Microsoft Visual Studio Solution File, Format Version 12.00
# Visual Studio Version 16
VisualStudioVersion = 16.0.30717.126
MinimumVisualStudioVersion = 10.0.40219.1
Project("{FAE04EC0-301F-11D3-BF4B-00C04F79EFBC}") = "StrategyCalculation", "StrategyCalculation\StrategyCalculation.csproj", "{6688E1CA-61AE-4052-80B7-0CD210AEAB8C}"
EndProject
Global
	GlobalSection(SolutionConfigurationPlatforms) = preSolution
		Debug|Any CPU = Debug|Any CPU
		Release|Any CPU = Release|Any CPU
	EndGlobalSection
	GlobalSection(ProjectConfigurationPlatforms) = postSolution
		{6688E1CA-61AE-4052-80B7-0CD210AEAB8C}.Debug|Any CPU.ActiveCfg = Debug|Any CPU
		{6688E1CA-61AE-4052-80B7-0CD210AEAB8C}.Debug|Any CPU.Build.0 = Debug|Any CPU
		{6688E1CA-61AE-4052-80B7-0CD210AEAB8C}.Release|Any CPU.ActiveCfg = Release|Any CPU
		{6688E1CA-61AE-4052-80B7-0CD210AEAB8C}.Release|Any CPU.Build.0 = Release|Any CPU
	EndGlobalSection
	GlobalSection(SolutionProperties) = preSolution
		HideSolutionNode = FALSE
	EndGlobalSection
	GlobalSection(ExtensibilityGlobals) = postSolution
		SolutionGuid = {0B359BEE-F80E-41B2-9C01-21E260897F96}
	EndGlobalSection
EndGlobal
